
Microsoft Visual Studio Solution File, Format Version 12.00
# Visual Studio Version 17
VisualStudioVersion = 17.0.31903.59
MinimumVisualStudioVersion = 10.0.40219.1
Project("{2150E333-8FDC-42A3-9474-1A3956D46DE8}") = "src", "src", "{827E0CD3-B72D-47B6-A68D-7590B98EB39B}"
EndProject
Project("{FAE04EC0-301F-11D3-BF4B-00C04F79EFBC}") = "GpuSuite.Core", "src\GpuSuite.Core\GpuSuite.Core.csproj", "{E899254B-E840-4425-AE65-A201F634DDC4}"
EndProject
Project("{FAE04EC0-301F-11D3-BF4B-00C04F79EFBC}") = "GpuSuite.Measurement", "src\GpuSuite.Measurement\GpuSuite.Measurement.csproj", "{191EABDD-24FD-4030-B231-292CCE886624}"
EndProject
Project("{FAE04EC0-301F-11D3-BF4B-00C04F79EFBC}") = "GpuSuite.Engine", "src\GpuSuite.Engine\GpuSuite.Engine.csproj", "{1978FBCC-155A-469C-B435-E94BB26B24B3}"
EndProject
Project("{FAE04EC0-301F-11D3-BF4B-00C04F79EFBC}") = "GpuSuite.Authoring", "src\GpuSuite.Authoring\GpuSuite.Authoring.csproj", "{64EFC728-3D54-4FF6-9791-870BCEEF7AA2}"
EndProject
Project("{FAE04EC0-301F-11D3-BF4B-00C04F79EFBC}") = "GpuSuite.Reporting", "src\GpuSuite.Reporting\GpuSuite.Reporting.csproj", "{5AEBAB8C-7CF5-4EA6-8BE5-851498F435AB}"
EndProject
Project("{FAE04EC0-301F-11D3-BF4B-00C04F79EFBC}") = "GpuSuite.Cli", "src\GpuSuite.Cli\GpuSuite.Cli.csproj", "{B3520F9E-6929-4272-BDC8-CC28FF89EF33}"
EndProject
Project("{FAE04EC0-301F-11D3-BF4B-00C04F79EFBC}") = "GpuSuite.App", "src\GpuSuite.App\GpuSuite.App.csproj", "{BF106FBB-323B-4DAA-BF4E-5FAF45C52DE7}"
EndProject
Project("{FAE04EC0-301F-11D3-BF4B-00C04F79EFBC}") = "GpuSuite.Load", "src\GpuSuite.Load\GpuSuite.Load.csproj", "{9F17E911-90C2-46AB-A0E8-E9FE27AF4BCC}"
EndProject
Project("{FAE04EC0-301F-11D3-BF4B-00C04F79EFBC}") = "GpuSuite.Calibration", "src\GpuSuite.Calibration\GpuSuite.Calibration.csproj", "{117AC082-DA22-4322-B404-6F7B49D8B127}"
EndProject
Project("{2150E333-8FDC-42A3-9474-1A3956D46DE8}") = "tests", "tests", "{0AB3BF05-4346-4AA6-1389-037BE0695223}"
EndProject
Project("{FAE04EC0-301F-11D3-BF4B-00C04F79EFBC}") = "GpuSuite.Tests", "tests\GpuSuite.Tests\GpuSuite.Tests.csproj", "{9C4197C7-97C8-44AD-BFAD-D276A6693AE5}"
EndProject
Global
	GlobalSection(SolutionConfigurationPlatforms) = preSolution
		Debug|Any CPU = Debug|Any CPU
		Debug|x64 = Debug|x64
		Debug|x86 = Debug|x86
		Release|Any CPU = Release|Any CPU
		Release|x64 = Release|x64
		Release|x86 = Release|x86
	EndGlobalSection
	GlobalSection(ProjectConfigurationPlatforms) = postSolution
		{E899254B-E840-4425-AE65-A201F634DDC4}.Debug|Any CPU.ActiveCfg = Debug|Any CPU
		{E899254B-E840-4425-AE65-A201F634DDC4}.Debug|Any CPU.Build.0 = Debug|Any CPU
		{E899254B-E840-4425-AE65-A201F634DDC4}.Debug|x64.ActiveCfg = Debug|Any CPU
		{E899254B-E840-4425-AE65-A201F634DDC4}.Debug|x64.Build.0 = Debug|Any CPU
		{E899254B-E840-4425-AE65-A201F634DDC4}.Debug|x86.ActiveCfg = Debug|Any CPU
		{E899254B-E840-4425-AE65-A201F634DDC4}.Debug|x86.Build.0 = Debug|Any CPU
		{E899254B-E840-4425-AE65-A201F634DDC4}.Release|Any CPU.ActiveCfg = Release|Any CPU
		{E899254B-E840-4425-AE65-A201F634DDC4}.Release|Any CPU.Build.0 = Release|Any CPU
		{E899254B-E840-4425-AE65-A201F634DDC4}.Release|x64.ActiveCfg = Release|Any CPU
		{E899254B-E840-4425-AE65-A201F634DDC4}.Release|x64.Build.0 = Release|Any CPU
		{E899254B-E840-4425-AE65-A201F634DDC4}.Release|x86.ActiveCfg = Release|Any CPU
		{E899254B-E840-4425-AE65-A201F634DDC4}.Release|x86.Build.0 = Release|Any CPU
		{191EABDD-24FD-4030-B231-292CCE886624}.Debug|Any CPU.ActiveCfg = Debug|x64
		{191EABDD-24FD-4030-B231-292CCE886624}.Debug|Any CPU.Build.0 = Debug|x64
		{191EABDD-24FD-4030-B231-292CCE886624}.Debug|x64.ActiveCfg = Debug|x64
		{191EABDD-24FD-4030-B231-292CCE886624}.Debug|x64.Build.0 = Debug|x64
		{191EABDD-24FD-4030-B231-292CCE886624}.Debug|x86.ActiveCfg = Debug|x64
		{191EABDD-24FD-4030-B231-292CCE886624}.Debug|x86.Build.0 = Debug|x64
		{191EABDD-24FD-4030-B231-292CCE886624}.Release|Any CPU.ActiveCfg = Release|x64
		{191EABDD-24FD-4030-B231-292CCE886624}.Release|Any CPU.Build.0 = Release|x64
		{191EABDD-24FD-4030-B231-292CCE886624}.Release|x64.ActiveCfg = Release|x64
		{191EABDD-24FD-4030-B231-292CCE886624}.Release|x64.Build.0 = Release|x64
		{191EABDD-24FD-4030-B231-292CCE886624}.Release|x86.ActiveCfg = Release|x64
		{191EABDD-24FD-4030-B231-292CCE886624}.Release|x86.Build.0 = Release|x64
		{1978FBCC-155A-469C-B435-E94BB26B24B3}.Debug|Any CPU.ActiveCfg = Debug|x64
		{1978FBCC-155A-469C-B435-E94BB26B24B3}.Debug|Any CPU.Build.0 = Debug|x64
		{1978FBCC-155A-469C-B435-E94BB26B24B3}.Debug|x64.ActiveCfg = Debug|x64
		{1978FBCC-155A-469C-B435-E94BB26B24B3}.Debug|x64.Build.0 = Debug|x64
		{1978FBCC-155A-469C-B435-E94BB26B24B3}.Debug|x86.ActiveCfg = Debug|x64
		{1978FBCC-155A-469C-B435-E94BB26B24B3}.Debug|x86.Build.0 = Debug|x64
		{1978FBCC-155A-469C-B435-E94BB26B24B3}.Release|Any CPU.ActiveCfg = Release|x64
		{1978FBCC-155A-469C-B435-E94BB26B24B3}.Release|Any CPU.Build.0 = Release|x64
		{1978FBCC-155A-469C-B435-E94BB26B24B3}.Release|x64.ActiveCfg = Release|x64
		{1978FBCC-155A-469C-B435-E94BB26B24B3}.Release|x64.Build.0 = Release|x64
		{1978FBCC-155A-469C-B435-E94BB26B24B3}.Release|x86.ActiveCfg = Release|x64
		{1978FBCC-155A-469C-B435-E94BB26B24B3}.Release|x86.Build.0 = Release|x64
		{64EFC728-3D54-4FF6-9791-870BCEEF7AA2}.Debug|Any CPU.ActiveCfg = Debug|x64
		{64EFC728-3D54-4FF6-9791-870BCEEF7AA2}.Debug|Any CPU.Build.0 = Debug|x64
		{64EFC728-3D54-4FF6-9791-870BCEEF7AA2}.Debug|x64.ActiveCfg = Debug|x64
		{64EFC728-3D54-4FF6-9791-870BCEEF7AA2}.Debug|x64.Build.0 = Debug|x64
		{64EFC728-3D54-4FF6-9791-870BCEEF7AA2}.Debug|x86.ActiveCfg = Debug|x64
		{64EFC728-3D54-4FF6-9791-870BCEEF7AA2}.Debug|x86.Build.0 = Debug|x64
		{64EFC728-3D54-4FF6-9791-870BCEEF7AA2}.Release|Any CPU.ActiveCfg = Release|x64
		{64EFC728-3D54-4FF6-9791-870BCEEF7AA2}.Release|Any CPU.Build.0 = Release|x64
		{64EFC728-3D54-4FF6-9791-870BCEEF7AA2}.Release|x64.ActiveCfg = Release|x64
		{64EFC728-3D54-4FF6-9791-870BCEEF7AA2}.Release|x64.Build.0 = Release|x64
		{64EFC728-3D54-4FF6-9791-870BCEEF7AA2}.Release|x86.ActiveCfg = Release|x64
		{64EFC728-3D54-4FF6-9791-870BCEEF7AA2}.Release|x86.Build.0 = Release|x64
		{5AEBAB8C-7CF5-4EA6-8BE5-851498F435AB}.Debug|Any CPU.ActiveCfg = Debug|Any CPU
		{5AEBAB8C-7CF5-4EA6-8BE5-851498F435AB}.Debug|Any CPU.Build.0 = Debug|Any CPU
		{5AEBAB8C-7CF5-4EA6-8BE5-851498F435AB}.Debug|x64.ActiveCfg = Debug|Any CPU
		{5AEBAB8C-7CF5-4EA6-8BE5-851498F435AB}.Debug|x64.Build.0 = Debug|Any CPU
		{5AEBAB8C-7CF5-4EA6-8BE5-851498F435AB}.Debug|x86.ActiveCfg = Debug|Any CPU
		{5AEBAB8C-7CF5-4EA6-8BE5-851498F435AB}.Debug|x86.Build.0 = Debug|Any CPU
		{5AEBAB8C-7CF5-4EA6-8BE5-851498F435AB}.Release|Any CPU.ActiveCfg = Release|Any CPU
		{5AEBAB8C-7CF5-4EA6-8BE5-851498F435AB}.Release|Any CPU.Build.0 = Release|Any CPU
		{5AEBAB8C-7CF5-4EA6-8BE5-851498F435AB}.Release|x64.ActiveCfg = Release|Any CPU
		{5AEBAB8C-7CF5-4EA6-8BE5-851498F435AB}.Release|x64.Build.0 = Release|Any CPU
		{5AEBAB8C-7CF5-4EA6-8BE5-851498F435AB}.Release|x86.ActiveCfg = Release|Any CPU
		{5AEBAB8C-7CF5-4EA6-8BE5-851498F435AB}.Release|x86.Build.0 = Release|Any CPU
		{B3520F9E-6929-4272-BDC8-CC28FF89EF33}.Debug|Any CPU.ActiveCfg = Debug|x64
		{B3520F9E-6929-4272-BDC8-CC28FF89EF33}.Debug|Any CPU.Build.0 = Debug|x64
		{B3520F9E-6929-4272-BDC8-CC28FF89EF33}.Debug|x64.ActiveCfg = Debug|x64
		{B3520F9E-6929-4272-BDC8-CC28FF89EF33}.Debug|x64.Build.0 = Debug|x64
		{B3520F9E-6929-4272-BDC8-CC28FF89EF33}.Debug|x86.ActiveCfg = Debug|x64
		{B3520F9E-6929-4272-BDC8-CC28FF89EF33}.Debug|x86.Build.0 = Debug|x64
		{B3520F9E-6929-4272-BDC8-CC28FF89EF33}.Release|Any CPU.ActiveCfg = Release|x64
		{B3520F9E-6929-4272-BDC8-CC28FF89EF33}.Release|Any CPU.Build.0 = Release|x64
		{B3520F9E-6929-4272-BDC8-CC28FF89EF33}.Release|x64.ActiveCfg = Release|x64
		{B3520F9E-6929-4272-BDC8-CC28FF89EF33}.Release|x64.Build.0 = Release|x64
		{B3520F9E-6929-4272-BDC8-CC28FF89EF33}.Release|x86.ActiveCfg = Release|x64
		{B3520F9E-6929-4272-BDC8-CC28FF89EF33}.Release|x86.Build.0 = Release|x64
		{BF106FBB-323B-4DAA-BF4E-5FAF45C52DE7}.Debug|Any CPU.ActiveCfg = Debug|x64
		{BF106FBB-323B-4DAA-BF4E-5FAF45C52DE7}.Debug|Any CPU.Build.0 = Debug|x64
		{BF106FBB-323B-4DAA-BF4E-5FAF45C52DE7}.Debug|x64.ActiveCfg = Debug|x64
		{BF106FBB-323B-4DAA-BF4E-5FAF45C52DE7}.Debug|x64.Build.0 = Debug|x64
		{BF106FBB-323B-4DAA-BF4E-5FAF45C52DE7}.Debug|x86.ActiveCfg = Debug|x64
		{BF106FBB-323B-4DAA-BF4E-5FAF45C52DE7}.Debug|x86.Build.0 = Debug|x64
		{BF106FBB-323B-4DAA-BF4E-5FAF45C52DE7}.Release|Any CPU.ActiveCfg = Release|x64
		{BF106FBB-323B-4DAA-BF4E-5FAF45C52DE7}.Release|Any CPU.Build.0 = Release|x64
		{BF106FBB-323B-4DAA-BF4E-5FAF45C52DE7}.Release|x64.ActiveCfg = Release|x64
		{BF106FBB-323B-4DAA-BF4E-5FAF45C52DE7}.Release|x64.Build.0 = Release|x64
		{BF106FBB-323B-4DAA-BF4E-5FAF45C52DE7}.Release|x86.ActiveCfg = Release|x64
		{BF106FBB-323B-4DAA-BF4E-5FAF45C52DE7}.Release|x86.Build.0 = Release|x64
		{9F17E911-90C2-46AB-A0E8-E9FE27AF4BCC}.Debug|Any CPU.ActiveCfg = Debug|x64
		{9F17E911-90C2-46AB-A0E8-E9FE27AF4BCC}.Debug|Any CPU.Build.0 = Debug|x64
		{9F17E911-90C2-46AB-A0E8-E9FE27AF4BCC}.Debug|x64.ActiveCfg = Debug|x64
		{9F17E911-90C2-46AB-A0E8-E9FE27AF4BCC}.Debug|x64.Build.0 = Debug|x64
		{9F17E911-90C2-46AB-A0E8-E9FE27AF4BCC}.Debug|x86.ActiveCfg = Debug|x64
		{9F17E911-90C2-46AB-A0E8-E9FE27AF4BCC}.Debug|x86.Build.0 = Debug|x64
		{9F17E911-90C2-46AB-A0E8-E9FE27AF4BCC}.Release|Any CPU.ActiveCfg = Release|x64
		{9F17E911-90C2-46AB-A0E8-E9FE27AF4BCC}.Release|Any CPU.Build.0 = Release|x64
		{9F17E911-90C2-46AB-A0E8-E9FE27AF4BCC}.Release|x64.ActiveCfg = Release|x64
		{9F17E911-90C2-46AB-A0E8-E9FE27AF4BCC}.Release|x64.Build.0 = Release|x64
		{9F17E911-90C2-46AB-A0E8-E9FE27AF4BCC}.Release|x86.ActiveCfg = Release|x64
		{9F17E911-90C2-46AB-A0E8-E9FE27AF4BCC}.Release|x86.Build.0 = Release|x64
		{117AC082-DA22-4322-B404-6F7B49D8B127}.Debug|Any CPU.ActiveCfg = Debug|Any CPU
		{117AC082-DA22-4322-B404-6F7B49D8B127}.Debug|Any CPU.Build.0 = Debug|Any CPU
		{117AC082-DA22-4322-B404-6F7B49D8B127}.Debug|x64.ActiveCfg = Debug|Any CPU
		{117AC082-DA22-4322-B404-6F7B49D8B127}.Debug|x64.Build.0 = Debug|Any CPU
		{117AC082-DA22-4322-B404-6F7B49D8B127}.Debug|x86.ActiveCfg = Debug|Any CPU
		{117AC082-DA22-4322-B404-6F7B49D8B127}.Debug|x86.Build.0 = Debug|Any CPU
		{117AC082-DA22-4322-B404-6F7B49D8B127}.Release|Any CPU.ActiveCfg = Release|Any CPU
		{117AC082-DA22-4322-B404-6F7B49D8B127}.Release|Any CPU.Build.0 = Release|Any CPU
		{117AC082-DA22-4322-B404-6F7B49D8B127}.Release|x64.ActiveCfg = Release|Any CPU
		{117AC082-DA22-4322-B404-6F7B49D8B127}.Release|x64.Build.0 = Release|Any CPU
		{117AC082-DA22-4322-B404-6F7B49D8B127}.Release|x86.ActiveCfg = Release|Any CPU
		{117AC082-DA22-4322-B404-6F7B49D8B127}.Release|x86.Build.0 = Release|Any CPU
		{9C4197C7-97C8-44AD-BFAD-D276A6693AE5}.Debug|Any CPU.ActiveCfg = Debug|x64
		{9C4197C7-97C8-44AD-BFAD-D276A6693AE5}.Debug|Any CPU.Build.0 = Debug|x64
		{9C4197C7-97C8-44AD-BFAD-D276A6693AE5}.Debug|x64.ActiveCfg = Debug|x64
		{9C4197C7-97C8-44AD-BFAD-D276A6693AE5}.Debug|x64.Build.0 = Debug|x64
		{9C4197C7-97C8-44AD-BFAD-D276A6693AE5}.Debug|x86.ActiveCfg = Debug|x64
		{9C4197C7-97C8-44AD-BFAD-D276A6693AE5}.Debug|x86.Build.0 = Debug|x64
		{9C4197C7-97C8-44AD-BFAD-D276A6693AE5}.Release|Any CPU.ActiveCfg = Release|x64
		{9C4197C7-97C8-44AD-BFAD-D276A6693AE5}.Release|Any CPU.Build.0 = Release|x64
		{9C4197C7-97C8-44AD-BFAD-D276A6693AE5}.Release|x64.ActiveCfg = Release|x64
		{9C4197C7-97C8-44AD-BFAD-D276A6693AE5}.Release|x64.Build.0 = Release|x64
		{9C4197C7-97C8-44AD-BFAD-D276A6693AE5}.Release|x86.ActiveCfg = Release|x64
		{9C4197C7-97C8-44AD-BFAD-D276A6693AE5}.Release|x86.Build.0 = Release|x64
	EndGlobalSection
	GlobalSection(SolutionProperties) = preSolution
		HideSolutionNode = FALSE
	EndGlobalSection
	GlobalSection(NestedProjects) = preSolution
		{E899254B-E840-4425-AE65-A201F634DDC4} = {827E0CD3-B72D-47B6-A68D-7590B98EB39B}
		{191EABDD-24FD-4030-B231-292CCE886624} = {827E0CD3-B72D-47B6-A68D-7590B98EB39B}
		{1978FBCC-155A-469C-B435-E94BB26B24B3} = {827E0CD3-B72D-47B6-A68D-7590B98EB39B}
		{64EFC728-3D54-4FF6-9791-870BCEEF7AA2} = {827E0CD3-B72D-47B6-A68D-7590B98EB39B}
		{5AEBAB8C-7CF5-4EA6-8BE5-851498F435AB} = {827E0CD3-B72D-47B6-A68D-7590B98EB39B}
		{B3520F9E-6929-4272-BDC8-CC28FF89EF33} = {827E0CD3-B72D-47B6-A68D-7590B98EB39B}
		{BF106FBB-323B-4DAA-BF4E-5FAF45C52DE7} = {827E0CD3-B72D-47B6-A68D-7590B98EB39B}
		{9F17E911-90C2-46AB-A0E8-E9FE27AF4BCC} = {827E0CD3-B72D-47B6-A68D-7590B98EB39B}
		{117AC082-DA22-4322-B404-6F7B49D8B127} = {827E0CD3-B72D-47B6-A68D-7590B98EB39B}
		{9C4197C7-97C8-44AD-BFAD-D276A6693AE5} = {0AB3BF05-4346-4AA6-1389-037BE0695223}
	EndGlobalSection
EndGlobal
